<?xml version="1.0" encoding="utf-8"?>
<Project ToolsVersion="4.0" xmlns="http://schemas.microsoft.com/developer/msbuild/2003">
  <ItemGroup>
    <Filter Include="Source Files">
      <UniqueIdentifier>{9efbf7d1-a3ee-4fd3-b241-3c69dcbd1b1c}</UniqueIdentifier>
      <Extensions>cpp;c;cxx;rc;def;r;odl;idl;hpj;bat</Extensions>
    </Filter>
    <Filter Include="Header Files">
      <UniqueIdentifier>{f16b5072-42f2-4737-adc9-5e4d7e0c9e4d}</UniqueIdentifier>
      <Extensions>h;hpp;hxx;hm;inl</Extensions>
    </Filter>
    <Filter Include="Resource Files">
      <UniqueIdentifier>{e62c46c5-dbd2-4db0-b99a-f775bc53f4b4}</UniqueIdentifier>
      <Extensions>ico;cur;bmp;dlg;rc2;rct;bin;rgs;gif;jpg;jpeg;jpe</Extensions>
    </Filter>
  </ItemGroup>
  <ItemGroup>
    <ClCompile Include="application.cpp">
      <Filter>Source Files</Filter>
    </ClCompile>
    <ClCompile Include="game.cpp">
      <Filter>Source Files</Filter>
    </ClCompile>
    <ClCompile Include="gamethread.cpp">
      <Filter>Source Files</Filter>
    </ClCompile>
    <ClCompile Include="svga\MAPPING.CPP">
      <Filter>Source Files</Filter>
    </ClCompile>
    <ClCompile Include="svga\SVGADRV.CPP">
      <Filter>Source Files</Filter>
    </ClCompile>
    <ClCompile Include="svga\Svgawin.cpp">
      <Filter>Source Files</Filter>
    </ClCompile>
    <ClCompile Include="W32.cpp">
      <Filter>Source Files</Filter>
    </ClCompile>
  </ItemGroup>
  <ItemGroup>
    <Text Include="readme.txt">
      <Filter>Source Files</Filter>
    </Text>
  </ItemGroup>
  <ItemGroup>
    <ResourceCompile Include="W32.rc">
      <Filter>Source Files</Filter>
    </ResourceCompile>
  </ItemGroup>
  <ItemGroup>
    <ClInclude Include="Resource.h">
      <Filter>Header Files</Filter>
    </ClInclude>
    <ClInclude Include="stdafx.h">
      <Filter>Header Files</Filter>
    </ClInclude>
    <ClInclude Include="svga\Svga.h">
      <Filter>Header Files</Filter>
    </ClInclude>
    <ClInclude Include="W32.h">
      <Filter>Header Files</Filter>
    </ClInclude>
  </ItemGroup>
</Project>